// !$*UTF8*$!
{
	archiveVersion = 1;
	classes = {
	};
	objectVersion = 50;
	objects = {

/* Begin PBXBuildFile section */
		0666B71A21E09065001C082F /* AppDelegate.swift in Sources */ = {isa = PBXBuildFile; fileRef = 0666B71921E09065001C082F /* AppDelegate.swift */; };
		0666B71C21E09065001C082F /* ViewController.swift in Sources */ = {isa = PBXBuildFile; fileRef = 0666B71B21E09065001C082F /* ViewController.swift */; };
		0666B71F21E09065001C082F /* Main.storyboard in Resources */ = {isa = PBXBuildFile; fileRef = 0666B71D21E09065001C082F /* Main.storyboard */; };
		0666B72121E09078001C082F /* Assets.xcassets in Resources */ = {isa = PBXBuildFile; fileRef = 0666B72021E09078001C082F /* Assets.xcassets */; };
		0666B72421E09078001C082F /* LaunchScreen.storyboard in Resources */ = {isa = PBXBuildFile; fileRef = 0666B72221E09078001C082F /* LaunchScreen.storyboard */; };
		0666B72F21E09079001C082F /* zyh_locationTests.swift in Sources */ = {isa = PBXBuildFile; fileRef = 0666B72E21E09079001C082F /* zyh_locationTests.swift */; };
		0666B73A21E09079001C082F /* zyh_locationUITests.swift in Sources */ = {isa = PBXBuildFile; fileRef = 0666B73921E09079001C082F /* zyh_locationUITests.swift */; };
/* End PBXBuildFile section */

/* Begin PBXContainerItemProxy section */
		0666B72B21E09079001C082F /* PBXContainerItemProxy */ = {
			isa = PBXContainerItemProxy;
			containerPortal = 0666B70E21E09064001C082F /* Project object */;
			proxyType = 1;
			remoteGlobalIDString = 0666B71521E09064001C082F;
			remoteInfo = "zyh-location";
		};
		0666B73621E09079001C082F /* PBXContainerItemProxy */ = {
			isa = PBXContainerItemProxy;
			containerPortal = 0666B70E21E09064001C082F /* Project object */;
			proxyType = 1;
			remoteGlobalIDString = 0666B71521E09064001C082F;
			remoteInfo = "zyh-location";
		};
/* End PBXContainerItemProxy section */

/* Begin PBXFileReference section */
		0666B71621E09064001C082F /* zyh-location.app */ = {isa = PBXFileReference; explicitFileType = wrapper.application; includeInIndex = 0; path = "zyh-location.app"; sourceTree = BUILT_PRODUCTS_DIR; };
		0666B71921E09065001C082F /* AppDelegate.swift */ = {isa = PBXFileReference; lastKnownFileType = sourcecode.swift; path = AppDelegate.swift; sourceTree = "<group>"; };
		0666B71B21E09065001C082F /* ViewController.swift */ = {isa = PBXFileReference; lastKnownFileType = sourcecode.swift; path = ViewController.swift; sourceTree = "<group>"; };
		0666B71E21E09065001C082F /* Base */ = {isa = PBXFileReference; lastKnownFileType = file.storyboard; name = Base; path = Base.lproj/Main.storyboard; sourceTree = "<group>"; };
		0666B72021E09078001C082F /* Assets.xcassets */ = {isa = PBXFileReference; lastKnownFileType = folder.assetcatalog; path = Assets.xcassets; sourceTree = "<group>"; };
		0666B72321E09078001C082F /* Base */ = {isa = PBXFileReference; lastKnownFileType = file.storyboard; name = Base; path = Base.lproj/LaunchScreen.storyboard; sourceTree = "<group>"; };
		0666B72521E09078001C082F /* Info.plist */ = {isa = PBXFileReference; lastKnownFileType = text.plist.xml; path = Info.plist; sourceTree = "<group>"; };
		0666B72A21E09079001C082F /* zyh-locationTests.xctest */ = {isa = PBXFileReference; explicitFileType = wrapper.cfbundle; includeInIndex = 0; path = "zyh-locationTests.xctest"; sourceTree = BUILT_PRODUCTS_DIR; };
		0666B72E21E09079001C082F /* zyh_locationTests.swift */ = {isa = PBXFileReference; lastKnownFileType = sourcecode.swift; path = zyh_locationTests.swift; sourceTree = "<group>"; };
		0666B73021E09079001C082F /* Info.plist */ = {isa = PBXFileReference; lastKnownFileType = text.plist.xml; path = Info.plist; sourceTree = "<group>"; };
		0666B73521E09079001C082F /* zyh-locationUITests.xctest */ = {isa = PBXFileReference; explicitFileType = wrapper.cfbundle; includeInIndex = 0; path = "zyh-locationUITests.xctest"; sourceTree = BUILT_PRODUCTS_DIR; };
		0666B73921E09079001C082F /* zyh_locationUITests.swift */ = {isa = PBXFileReference; lastKnownFileType = sourcecode.swift; path = zyh_locationUITests.swift; sourceTree = "<group>"; };
		0666B73B21E09079001C082F /* Info.plist */ = {isa = PBXFileReference; lastKnownFileType = text.plist.xml; path = Info.plist; sourceTree = "<group>"; };
/* End PBXFileReference section */

/* Begin PBXFrameworksBuildPhase section */
		0666B71321E09064001C082F /* Frameworks */ = {
			isa = PBXFrameworksBuildPhase;
			buildActionMask = 2147483647;
			files = (
			);
			runOnlyForDeploymentPostprocessing = 0;
		};
		0666B72721E09079001C082F /* Frameworks */ = {
			isa = PBXFrameworksBuildPhase;
			buildActionMask = 2147483647;
			files = (
			);
			runOnlyForDeploymentPostprocessing = 0;
		};
		0666B73221E09079001C082F /* Frameworks */ = {
			isa = PBXFrameworksBuildPhase;
			buildActionMask = 2147483647;
			files = (
			);
			runOnlyForDeploymentPostprocessing = 0;
		};
/* End PBXFrameworksBuildPhase section */

/* Begin PBXGroup section */
		0666B70D21E09064001C082F = {
			isa = PBXGroup;
			children = (
				0666B71821E09064001C082F /* zyh-location */,
				0666B72D21E09079001C082F /* zyh-locationTests */,
				0666B73821E09079001C082F /* zyh-locationUITests */,
				0666B71721E09064001C082F /* Products */,
			);
			sourceTree = "<group>";
		};
		0666B71721E09064001C082F /* Products */ = {
			isa = PBXGroup;
			children = (
				0666B71621E09064001C082F /* zyh-location.app */,
				0666B72A21E09079001C082F /* zyh-locationTests.xctest */,
				0666B73521E09079001C082F /* zyh-locationUITests.xctest */,
			);
			name = Products;
			sourceTree = "<group>";
		};
		0666B71821E09064001C082F /* zyh-location */ = {
			isa = PBXGroup;
			children = (
				0666B71921E09065001C082F /* AppDelegate.swift */,
				0666B71B21E09065001C082F /* ViewController.swift */,
				0666B71D21E09065001C082F /* Main.storyboard */,
				0666B72021E09078001C082F /* Assets.xcassets */,
				0666B72221E09078001C082F /* LaunchScreen.storyboard */,
				0666B72521E09078001C082F /* Info.plist */,
			);
			path = "zyh-location";
			sourceTree = "<group>";
		};
		0666B72D21E09079001C082F /* zyh-locationTests */ = {
			isa = PBXGroup;
			children = (
				0666B72E21E09079001C082F /* zyh_locationTests.swift */,
				0666B73021E09079001C082F /* Info.plist */,
			);
			path = "zyh-locationTests";
			sourceTree = "<group>";
		};
		0666B73821E09079001C082F /* zyh-locationUITests */ = {
			isa = PBXGroup;
			children = (
				0666B73921E09079001C082F /* zyh_locationUITests.swift */,
				0666B73B21E09079001C082F /* Info.plist */,
			);
			path = "zyh-locationUITests";
			sourceTree = "<group>";
		};
/* End PBXGroup section */

/* Begin PBXNativeTarget section */
		0666B71521E09064001C082F /* zyh-location */ = {
			isa = PBXNativeTarget;
			buildConfigurationList = 0666B73E21E09079001C082F /* Build configuration list for PBXNativeTarget "zyh-location" */;
			buildPhases = (
				0666B71221E09064001C082F /* Sources */,
				0666B71321E09064001C082F /* Frameworks */,
				0666B71421E09064001C082F /* Resources */,
			);
			buildRules = (
			);
			dependencies = (
			);
			name = "zyh-location";
			productName = "zyh-location";
			productReference = 0666B71621E09064001C082F /* zyh-location.app */;
			productType = "com.apple.product-type.application";
		};
		0666B72921E09079001C082F /* zyh-locationTests */ = {
			isa = PBXNativeTarget;
			buildConfigurationList = 0666B74121E09079001C082F /* Build configuration list for PBXNativeTarget "zyh-locationTests" */;
			buildPhases = (
				0666B72621E09079001C082F /* Sources */,
				0666B72721E09079001C082F /* Frameworks */,
				0666B72821E09079001C082F /* Resources */,
			);
			buildRules = (
			);
			dependencies = (
				0666B72C21E09079001C082F /* PBXTargetDependency */,
			);
			name = "zyh-locationTests";
			productName = "zyh-locationTests";
			productReference = 0666B72A21E09079001C082F /* zyh-locationTests.xctest */;
			productType = "com.apple.product-type.bundle.unit-test";
		};
		0666B73421E09079001C082F /* zyh-locationUITests */ = {
			isa = PBXNativeTarget;
			buildConfigurationList = 0666B74421E09079001C082F /* Build configuration list for PBXNativeTarget "zyh-locationUITests" */;
			buildPhases = (
				0666B73121E09079001C082F /* Sources */,
				0666B73221E09079001C082F /* Frameworks */,
				0666B73321E09079001C082F /* Resources */,
			);
			buildRules = (
			);
			dependencies = (
				0666B73721E09079001C082F /* PBXTargetDependency */,
			);
			name = "zyh-locationUITests";
			productName = "zyh-locationUITests";
			productReference = 0666B73521E09079001C082F /* zyh-locationUITests.xctest */;
			productType = "com.apple.product-type.bundle.ui-testing";
		};
/* End PBXNativeTarget section */

/* Begin PBXProject section */
		0666B70E21E09064001C082F /* Project object */ = {
			isa = PBXProject;
			attributes = {
				LastSwiftUpdateCheck = 1010;
				LastUpgradeCheck = 1010;
				ORGANIZATIONNAME = zyh;
				TargetAttributes = {
					0666B71521E09064001C082F = {
						CreatedOnToolsVersion = 10.1;
					};
					0666B72921E09079001C082F = {
						CreatedOnToolsVersion = 10.1;
						TestTargetID = 0666B71521E09064001C082F;
					};
					0666B73421E09079001C082F = {
						CreatedOnToolsVersion = 10.1;
						TestTargetID = 0666B71521E09064001C082F;
					};
				};
			};
			buildConfigurationList = 0666B71121E09064001C082F /* Build configuration list for PBXProject "zyh-location" */;
			compatibilityVersion = "Xcode 9.3";
			developmentRegion = en;
			hasScannedForEncodings = 0;
			knownRegions = (
				en,
				Base,
			);
			mainGroup = 0666B70D21E09064001C082F;
			productRefGroup = 0666B71721E09064001C082F /* Products */;
			projectDirPath = "";
			projectRoot = "";
			targets = (
				0666B71521E09064001C082F /* zyh-location */,
				0666B72921E09079001C082F /* zyh-locationTests */,
				0666B73421E09079001C082F /* zyh-locationUITests */,
			);
		};
/* End PBXProject section */

/* Begin PBXResourcesBuildPhase section */
		0666B71421E09064001C082F /* Resources */ = {
			isa = PBXResourcesBuildPhase;
			buildActionMask = 2147483647;
			files = (
				0666B72421E09078001C082F /* LaunchScreen.storyboard in Resources */,
				0666B72121E09078001C082F /* Assets.xcassets in Resources */,
				0666B71F21E09065001C082F /* Main.storyboard in Resources */,
			);
			runOnlyForDeploymentPostprocessing = 0;
		};
		0666B72821E09079001C082F /* Resources */ = {
			isa = PBXResourcesBuildPhase;
			buildActionMask = 2147483647;
			files = (
			);
			runOnlyForDeploymentPostprocessing = 0;
		};
		0666B73321E09079001C082F /* Resources */ = {
			isa = PBXResourcesBuildPhase;
			buildActionMask = 2147483647;
			files = (
			);
			runOnlyForDeploymentPostprocessing = 0;
		};
/* End PBXResourcesBuildPhase section */

/* Begin PBXSourcesBuildPhase section */
		0666B71221E09064001C082F /* Sources */ = {
			isa = PBXSourcesBuildPhase;
			buildActionMask = 2147483647;
			files = (
				0666B71C21E09065001C082F /* ViewController.swift in Sources */,
				0666B71A21E09065001C082F /* AppDelegate.swift in Sources */,
			);
			runOnlyForDeploymentPostprocessing = 0;
		};
		0666B72621E09079001C082F /* Sources */ = {
			isa = PBXSourcesBuildPhase;
			buildActionMask = 2147483647;
			files = (
				0666B72F21E09079001C082F /* zyh_locationTests.swift in Sources */,
			);
			runOnlyForDeploymentPostprocessing = 0;
		};
		0666B73121E09079001C082F /* Sources */ = {
			isa = PBXSourcesBuildPhase;
			buildActionMask = 2147483647;
			files = (
				0666B73A21E09079001C082F /* zyh_locationUITests.swift in Sources */,
			);
			runOnlyForDeploymentPostprocessing = 0;
		};
/* End PBXSourcesBuildPhase section */

/* Begin PBXTargetDependency section */
		0666B72C21E09079001C082F /* PBXTargetDependency */ = {
			isa = PBXTargetDependency;
			target = 0666B71521E09064001C082F /* zyh-location */;
			targetProxy = 0666B72B21E09079001C082F /* PBXContainerItemProxy */;
		};
		0666B73721E09079001C082F /* PBXTargetDependency */ = {
			isa = PBXTargetDependency;
			target = 0666B71521E09064001C082F /* zyh-location */;
			targetProxy = 0666B73621E09079001C082F /* PBXContainerItemProxy */;
		};
/* End PBXTargetDependency section */

/* Begin PBXVariantGroup section */
		0666B71D21E09065001C082F /* Main.storyboard */ = {
			isa = PBXVariantGroup;
			children = (
				0666B71E21E09065001C082F /* Base */,
			);
			name = Main.storyboard;
			sourceTree = "<group>";
		};
		0666B72221E09078001C082F /* LaunchScreen.storyboard */ = {
			isa = PBXVariantGroup;
			children = (
				0666B72321E09078001C082F /* Base */,
			);
			name = LaunchScreen.storyboard;
			sourceTree = "<group>";
		};
/* End PBXVariantGroup section */

/* Begin XCBuildConfiguration section */
		0666B73C21E09079001C082F /* Debug */ = {
			isa = XCBuildConfiguration;
			buildSettings = {
				ALWAYS_SEARCH_USER_PATHS = NO;
				CLANG_ANALYZER_NONNULL = YES;
				CLANG_ANALYZER_NUMBER_OBJECT_CONVERSION = YES_AGGRESSIVE;
				CLANG_CXX_LANGUAGE_STANDARD = "gnu++14";
				CLANG_CXX_LIBRARY = "libc++";
				CLANG_ENABLE_MODULES = YES;
				CLANG_ENABLE_OBJC_ARC = YES;
				CLANG_ENABLE_OBJC_WEAK = YES;
				CLANG_WARN_BLOCK_CAPTURE_AUTORELEASING = YES;
				CLANG_WARN_BOOL_CONVERSION = YES;
				CLANG_WARN_COMMA = YES;
				CLANG_WARN_CONSTANT_CONVERSION = YES;
				CLANG_WARN_DEPRECATED_OBJC_IMPLEMENTATIONS = YES;
				CLANG_WARN_DIRECT_OBJC_ISA_USAGE = YES_ERROR;
				CLANG_WARN_DOCUMENTATION_COMMENTS = YES;
				CLANG_WARN_EMPTY_BODY = YES;
				CLANG_WARN_ENUM_CONVERSION = YES;
				CLANG_WARN_INFINITE_RECURSION = YES;
				CLANG_WARN_INT_CONVERSION = YES;
				CLANG_WARN_NON_LITERAL_NULL_CONVERSION = YES;
				CLANG_WARN_OBJC_IMPLICIT_RETAIN_SELF = YES;
				CLANG_WARN_OBJC_LITERAL_CONVERSION = YES;
				CLANG_WARN_OBJC_ROOT_CLASS = YES_ERROR;
				CLANG_WARN_RANGE_LOOP_ANALYSIS = YES;
				CLANG_WARN_STRICT_PROTOTYPES = YES;
				CLANG_WARN_SUSPICIOUS_MOVE = YES;
				CLANG_WARN_UNGUARDED_AVAILABILITY = YES_AGGRESSIVE;
				CLANG_WARN_UNREACHABLE_CODE = YES;
				CLANG_WARN__DUPLICATE_METHOD_MATCH = YES;
				CODE_SIGN_IDENTITY = "iPhone Developer";
				COPY_PHASE_STRIP = NO;
				DEBUG_INFORMATION_FORMAT = dwarf;
				ENABLE_STRICT_OBJC_MSGSEND = YES;
				ENABLE_TESTABILITY = YES;
				GCC_C_LANGUAGE_STANDARD = gnu11;
				GCC_DYNAMIC_NO_PIC = NO;
				GCC_NO_COMMON_BLOCKS = YES;
				GCC_OPTIMIZATION_LEVEL = 0;
				GCC_PREPROCESSOR_DEFINITIONS = (
					"DEBUG=1",
					"$(inherited)",
				);
				GCC_WARN_64_TO_32_BIT_CONVERSION = YES;
				GCC_WARN_ABOUT_RETURN_TYPE = YES_ERROR;
				GCC_WARN_UNDECLARED_SELECTOR = YES;
				GCC_WARN_UNINITIALIZED_AUTOS = YES_AGGRESSIVE;
				GCC_WARN_UNUSED_FUNCTION = YES;
				GCC_WARN_UNUSED_VARIABLE = YES;
				IPHONEOS_DEPLOYMENT_TARGET = 12.1;
				MTL_ENABLE_DEBUG_INFO = INCLUDE_SOURCE;
				MTL_FAST_MATH = YES;
				ONLY_ACTIVE_ARCH = YES;
				SDKROOT = iphoneos;
				SWIFT_ACTIVE_COMPILATION_CONDITIONS = DEBUG;
				SWIFT_OPTIMIZATION_LEVEL = "-Onone";
			};
			name = Debug;
		};
		0666B73D21E09079001C082F /* Release */ = {
			isa = XCBuildConfiguration;
			buildSettings = {
				ALWAYS_SEARCH_USER_PATHS = NO;
				CLANG_ANALYZER_NONNULL = YES;
				CLANG_ANALYZER_NUMBER_OBJECT_CONVERSION = YES_AGGRESSIVE;
				CLANG_CXX_LANGUAGE_STANDARD = "gnu++14";
				CLANG_CXX_LIBRARY = "libc++";
				CLANG_ENABLE_MODULES = YES;
				CLANG_ENABLE_OBJC_ARC = YES;
				CLANG_ENABLE_OBJC_WEAK = YES;
				CLANG_WARN_BLOCK_CAPTURE_AUTORELEASING = YES;
				CLANG_WARN_BOOL_CONVERSION = YES;
				CLANG_WARN_COMMA = YES;
				CLANG_WARN_CONSTANT_CONVERSION = YES;
				CLANG_WARN_DEPRECATED_OBJC_IMPLEMENTATIONS = YES;
				CLANG_WARN_DIRECT_OBJC_ISA_USAGE = YES_ERROR;
				CLANG_WARN_DOCUMENTATION_COMMENTS = YES;
				CLANG_WARN_EMPTY_BODY = YES;
				CLANG_WARN_ENUM_CONVERSION = YES;
				CLANG_WARN_INFINITE_RECURSION = YES;
				CLANG_WARN_INT_CONVERSION = YES;
				CLANG_WARN_NON_LITERAL_NULL_CONVERSION = YES;
				CLANG_WARN_OBJC_IMPLICIT_RETAIN_SELF = YES;
				CLANG_WARN_OBJC_LITERAL_CONVERSION = YES;
				CLANG_WARN_OBJC_ROOT_CLASS = YES_ERROR;
				CLANG_WARN_RANGE_LOOP_ANALYSIS = YES;
				CLANG_WARN_STRICT_PROTOTYPES = YES;
				CLANG_WARN_SUSPICIOUS_MOVE = YES;
				CLANG_WARN_UNGUARDED_AVAILABILITY = YES_AGGRESSIVE;
				CLANG_WARN_UNREACHABLE_CODE = YES;
				CLANG_WARN__DUPLICATE_METHOD_MATCH = YES;
				CODE_SIGN_IDENTITY = "iPhone Developer";
				COPY_PHASE_STRIP = NO;
				DEBUG_INFORMATION_FORMAT = "dwarf-with-dsym";
				ENABLE_NS_ASSERTIONS = NO;
				ENABLE_STRICT_OBJC_MSGSEND = YES;
				GCC_C_LANGUAGE_STANDARD = gnu11;
				GCC_NO_COMMON_BLOCKS = YES;
				GCC_WARN_64_TO_32_BIT_CONVERSION = YES;
				GCC_WARN_ABOUT_RETURN_TYPE = YES_ERROR;
				GCC_WARN_UNDECLARED_SELECTOR = YES;
				GCC_WARN_UNINITIALIZED_AUTOS = YES_AGGRESSIVE;
				GCC_WARN_UNUSED_FUNCTION = YES;
				GCC_WARN_UNUSED_VARIABLE = YES;
				IPHONEOS_DEPLOYMENT_TARGET = 12.1;
				MTL_ENABLE_DEBUG_INFO = NO;
				MTL_FAST_MATH = YES;
				SDKROOT = iphoneos;
				SWIFT_COMPILATION_MODE = wholemodule;
				SWIFT_OPTIMIZATION_LEVEL = "-O";
				VALIDATE_PRODUCT = YES;
			};
			name = Release;
		};
		0666B73F21E09079001C082F /* Debug */ = {
			isa = XCBuildConfiguration;
			buildSettings = {
				ASSETCATALOG_COMPILER_APPICON_NAME = AppIcon;
				CODE_SIGN_STYLE = Automatic;
				DEVELOPMENT_TEAM = 6UA9XUYRLL;
				INFOPLIST_FILE = "zyh-location/Info.plist";
				LD_RUNPATH_SEARCH_PATHS = (
					"$(inherited)",
					"@executable_path/Frameworks",
				);
				PRODUCT_BUNDLE_IDENTIFIER = "-.zyh-location";
				PRODUCT_NAME = "$(TARGET_NAME)";
				SWIFT_VERSION = 4.2;
				TARGETED_DEVICE_FAMILY = "1,2";
			};
			name = Debug;
		};
		0666B74021E09079001C082F /* Release */ = {
			isa = XCBuildConfiguration;
			buildSettings = {
				ASSETCATALOG_COMPILER_APPICON_NAME = AppIcon;
				CODE_SIGN_STYLE = Automatic;
				DEVELOPMENT_TEAM = 6UA9XUYRLL;
				INFOPLIST_FILE = "zyh-location/Info.plist";
				LD_RUNPATH_SEARCH_PATHS = (
					"$(inherited)",
					"@executable_path/Frameworks",
				);
				PRODUCT_BUNDLE_IDENTIFIER = "-.zyh-location";
				PRODUCT_NAME = "$(TARGET_NAME)";
				SWIFT_VERSION = 4.2;
				TARGETED_DEVICE_FAMILY = "1,2";
			};
			name = Release;
		};
		0666B74221E09079001C082F /* Debug */ = {
			isa = XCBuildConfiguration;
			buildSettings = {
				ALWAYS_EMBED_SWIFT_STANDARD_LIBRARIES = YES;
				BUNDLE_LOADER = "$(TEST_HOST)";
				CODE_SIGN_STYLE = Automatic;
				DEVELOPMENT_TEAM = 6UA9XUYRLL;
				INFOPLIST_FILE = "zyh-locationTests/Info.plist";
				LD_RUNPATH_SEARCH_PATHS = (
					"$(inherited)",
					"@executable_path/Frameworks",
					"@loader_path/Frameworks",
				);
				PRODUCT_BUNDLE_IDENTIFIER = "-.zyh-locationTests";
				PRODUCT_NAME = "$(TARGET_NAME)";
				SWIFT_VERSION = 4.2;
				TARGETED_DEVICE_FAMILY = "1,2";
				TEST_HOST = "$(BUILT_PRODUCTS_DIR)/zyh-location.app/zyh-location";
			};
			name = Debug;
		};
		0666B74321E09079001C082F /* Release */ = {
			isa = XCBuildConfiguration;
			buildSettings = {
				ALWAYS_EMBED_SWIFT_STANDARD_LIBRARIES = YES;
				BUNDLE_LOADER = "$(TEST_HOST)";
				CODE_SIGN_STYLE = Automatic;
				DEVELOPMENT_TEAM = 6UA9XUYRLL;
				INFOPLIST_FILE = "zyh-locationTests/Info.plist";
				LD_RUNPATH_SEARCH_PATHS = (
					"$(inherited)",
					"@executable_path/Frameworks",
					"@loader_path/Frameworks",
				);
				PRODUCT_BUNDLE_IDENTIFIER = "-.zyh-locationTests";
				PRODUCT_NAME = "$(TARGET_NAME)";
				SWIFT_VERSION = 4.2;
				TARGETED_DEVICE_FAMILY = "1,2";
				TEST_HOST = "$(BUILT_PRODUCTS_DIR)/zyh-location.app/zyh-location";
			};
			name = Release;
		};
		0666B74521E09079001C082F /* Debug */ = {
			isa = XCBuildConfiguration;
			buildSettings = {
				ALWAYS_EMBED_SWIFT_STANDARD_LIBRARIES = YES;
				CODE_SIGN_STYLE = Automatic;
				DEVELOPMENT_TEAM = 6UA9XUYRLL;
				INFOPLIST_FILE = "zyh-locationUITests/Info.plist";
				LD_RUNPATH_SEARCH_PATHS = (
					"$(inherited)",
					"@executable_path/Frameworks",
					"@loader_path/Frameworks",
				);
				PRODUCT_BUNDLE_IDENTIFIER = "-.zyh-locationUITests";
				PRODUCT_NAME = "$(TARGET_NAME)";
				SWIFT_VERSION = 4.2;
				TARGETED_DEVICE_FAMILY = "1,2";
				TEST_TARGET_NAME = "zyh-location";
			};
			name = Debug;
		};
		0666B74621E09079001C082F /* Release */ = {
			isa = XCBuildConfiguration;
			buildSettings = {
				ALWAYS_EMBED_SWIFT_STANDARD_LIBRARIES = YES;
				CODE_SIGN_STYLE = Automatic;
				DEVELOPMENT_TEAM = 6UA9XUYRLL;
				INFOPLIST_FILE = "zyh-locationUITests/Info.plist";
				LD_RUNPATH_SEARCH_PATHS = (
					"$(inherited)",
					"@executable_path/Frameworks",
					"@loader_path/Frameworks",
				);
				PRODUCT_BUNDLE_IDENTIFIER = "-.zyh-locationUITests";
				PRODUCT_NAME = "$(TARGET_NAME)";
				SWIFT_VERSION = 4.2;
				TARGETED_DEVICE_FAMILY = "1,2";
				TEST_TARGET_NAME = "zyh-location";
			};
			name = Release;
		};
/* End XCBuildConfiguration section */

/* Begin XCConfigurationList section */
		0666B71121E09064001C082F /* Build configuration list for PBXProject "zyh-location" */ = {
			isa = XCConfigurationList;
			buildConfigurations = (
				0666B73C21E09079001C082F /* Debug */,
				0666B73D21E09079001C082F /* Release */,
			);
			defaultConfigurationIsVisible = 0;
			defaultConfigurationName = Release;
		};
		0666B73E21E09079001C082F /* Build configuration list for PBXNativeTarget "zyh-location" */ = {
			isa = XCConfigurationList;
			buildConfigurations = (
				0666B73F21E09079001C082F /* Debug */,
				0666B74021E09079001C082F /* Release */,
			);
			defaultConfigurationIsVisible = 0;
			defaultConfigurationName = Release;
		};
		0666B74121E09079001C082F /* Build configuration list for PBXNativeTarget "zyh-locationTests" */ = {
			isa = XCConfigurationList;
			buildConfigurations = (
				0666B74221E09079001C082F /* Debug */,
				0666B74321E09079001C082F /* Release */,
			);
			defaultConfigurationIsVisible = 0;
			defaultConfigurationName = Release;
		};
		0666B74421E09079001C082F /* Build configuration list for PBXNativeTarget "zyh-locationUITests" */ = {
			isa = XCConfigurationList;
			buildConfigurations = (
				0666B74521E09079001C082F /* Debug */,
				0666B74621E09079001C082F /* Release */,
			);
			defaultConfigurationIsVisible = 0;
			defaultConfigurationName = Release;
		};
/* End XCConfigurationList section */
	};
	rootObject = 0666B70E21E09064001C082F /* Project object */;
}
